
Microsoft Visual Studio Solution File, Format Version 12.00
# Visual Studio 15
VisualStudioVersion = 15.0.28307.1738
MinimumVisualStudioVersion = 10.0.40219.1
Project("{FAE04EC0-301F-11D3-BF4B-00C04F79EFBC}") = "DataLayer", "DataLayer\DataLayer.csproj", "{B1E2B784-D9CE-476B-A875-85F780FC4AC6}"
EndProject
Project("{FAE04EC0-301F-11D3-BF4B-00C04F79EFBC}") = "CURD", "CURD\CURD.csproj", "{91FA548E-D4F9-4EBF-8678-7C2662076A06}"
EndProject
Project("{FAE04EC0-301F-11D3-BF4B-00C04F79EFBC}") = "Servises", "Servises\Servises.csproj", "{9383AA47-518A-4AB7-A6C0-63A36651D094}"
EndProject
Global
	GlobalSection(SolutionConfigurationPlatforms) = preSolution
		Debug|Any CPU = Debug|Any CPU
		Release|Any CPU = Release|Any CPU
	EndGlobalSection
	GlobalSection(ProjectConfigurationPlatforms) = postSolution
		{B1E2B784-D9CE-476B-A875-85F780FC4AC6}.Debug|Any CPU.ActiveCfg = Debug|Any CPU
		{B1E2B784-D9CE-476B-A875-85F780FC4AC6}.Debug|Any CPU.Build.0 = Debug|Any CPU
		{B1E2B784-D9CE-476B-A875-85F780FC4AC6}.Release|Any CPU.ActiveCfg = Release|Any CPU
		{B1E2B784-D9CE-476B-A875-85F780FC4AC6}.Release|Any CPU.Build.0 = Release|Any CPU
		{91FA548E-D4F9-4EBF-8678-7C2662076A06}.Debug|Any CPU.ActiveCfg = Debug|Any CPU
		{91FA548E-D4F9-4EBF-8678-7C2662076A06}.Debug|Any CPU.Build.0 = Debug|Any CPU
		{91FA548E-D4F9-4EBF-8678-7C2662076A06}.Release|Any CPU.ActiveCfg = Release|Any CPU
		{91FA548E-D4F9-4EBF-8678-7C2662076A06}.Release|Any CPU.Build.0 = Release|Any CPU
		{9383AA47-518A-4AB7-A6C0-63A36651D094}.Debug|Any CPU.ActiveCfg = Debug|Any CPU
		{9383AA47-518A-4AB7-A6C0-63A36651D094}.Debug|Any CPU.Build.0 = Debug|Any CPU
		{9383AA47-518A-4AB7-A6C0-63A36651D094}.Release|Any CPU.ActiveCfg = Release|Any CPU
		{9383AA47-518A-4AB7-A6C0-63A36651D094}.Release|Any CPU.Build.0 = Release|Any CPU
	EndGlobalSection
	GlobalSection(SolutionProperties) = preSolution
		HideSolutionNode = FALSE
	EndGlobalSection
	GlobalSection(ExtensibilityGlobals) = postSolution
		SolutionGuid = {D911AE8D-08A0-4583-BA2A-9F5C0A6576EB}
	EndGlobalSection
EndGlobal
